
Microsoft Visual Studio Solution File, Format Version 12.00
# Visual Studio Version 17
VisualStudioVersion = 17.5.002.0
MinimumVisualStudioVersion = 10.0.40219.1
Project("{2150E333-8FDC-42A3-9474-1A3956D46DE8}") = "mobile", "mobile", "{16D5779F-8699-4EB9-B06A-D27A38029153}"
EndProject
Project("{9A19103F-16F7-4668-BE54-9A1E7A4F7556}") = "KamyczkiMobile", "mobile\KamyczkiMobile\KamyczkiMobile.csproj", "{EE63E048-F00B-4EF0-B3AB-AB7FC04E1918}"
EndProject
Global
	GlobalSection(SolutionConfigurationPlatforms) = preSolution
		Debug|Any CPU = Debug|Any CPU
		Release|Any CPU = Release|Any CPU
	EndGlobalSection
	GlobalSection(ProjectConfigurationPlatforms) = postSolution
		{EE63E048-F00B-4EF0-B3AB-AB7FC04E1918}.Debug|Any CPU.ActiveCfg = Debug|Any CPU
		{EE63E048-F00B-4EF0-B3AB-AB7FC04E1918}.Debug|Any CPU.Build.0 = Debug|Any CPU
		{EE63E048-F00B-4EF0-B3AB-AB7FC04E1918}.Release|Any CPU.ActiveCfg = Release|Any CPU
		{EE63E048-F00B-4EF0-B3AB-AB7FC04E1918}.Release|Any CPU.Build.0 = Release|Any CPU
	EndGlobalSection
	GlobalSection(SolutionProperties) = preSolution
		HideSolutionNode = FALSE
	EndGlobalSection
	GlobalSection(NestedProjects) = preSolution
		{EE63E048-F00B-4EF0-B3AB-AB7FC04E1918} = {16D5779F-8699-4EB9-B06A-D27A38029153}
	EndGlobalSection
	GlobalSection(ExtensibilityGlobals) = postSolution
		SolutionGuid = {429DE00F-FC52-4978-8FFE-2B5B831BE2F6}
	EndGlobalSection
EndGlobal
